# THIS IS AN AUTOGENERATED FILE. DO NOT EDIT THIS FILE DIRECTLY.
# yarn lockfile v1


"@sinch/conversation@^1.1.0":
  version "1.1.0"
  resolved "https://registry.yarnpkg.com/@sinch/conversation/-/conversation-1.1.0.tgz#9e45c4eff0a0c93c4cc265ac61818cb515bee963"
  integrity sha512-8KxUnzO+a8fPmhSmpRX9zGfgF3Hvgg4ZQNF9CNVDVRckcE7p+mWENdWts7GXWSEKMONZIOXwYnosAeENMsZVow==
  dependencies:
    "@sinch/sdk-client" "^1.1.0"

"@sinch/elastic-sip-trunking@^1.1.0":
  version "1.1.0"
  resolved "https://registry.yarnpkg.com/@sinch/elastic-sip-trunking/-/elastic-sip-trunking-1.1.0.tgz#8ee2936e458649c1756ee7bc3d96c3b185717bf5"
  integrity sha512-1E635dxPFnCfS1e01WGSY2xcLGUsAngcghcsodFFMTXxmAL+2cxhFdmrodmBdNmCVpfPLkMSIdQC/t+1p+awNA==
  dependencies:
    "@sinch/sdk-client" "^1.0.0"

"@sinch/fax@^1.1.0":
  version "1.1.0"
  resolved "https://registry.yarnpkg.com/@sinch/fax/-/fax-1.1.0.tgz#5fb973ca2218b317a326c60b0f0da38888c1461d"
  integrity sha512-89NS1zMg07QAjj6Fr93moVjkfZSkVwYwegZfZ2LEo7SEuFXp9CahL5UoHXzipTNbtCxcouGUgiJkN0fxJBN/VQ==
  dependencies:
    "@sinch/sdk-client" "^1.1.0"

"@sinch/numbers@^1.1.0":
  version "1.1.0"
  resolved "https://registry.yarnpkg.com/@sinch/numbers/-/numbers-1.1.0.tgz#a81f7c76f9ab231eecb01cffb4b447eed853cc0f"
  integrity sha512-uEtTDTPabY7f2CU1X/rpuBqWbDutqcHA34vaaJ1HbGWhdK406YfUKxBha60/kTAO5df+eDjVxg2SYiVNRpJNLw==
  dependencies:
    "@sinch/sdk-client" "^1.1.0"

"@sinch/sdk-client@^1.0.0", "@sinch/sdk-client@^1.1.0":
  version "1.1.0"
  resolved "https://registry.yarnpkg.com/@sinch/sdk-client/-/sdk-client-1.1.0.tgz#b9a5412fb1bfa637e1ca7d35c2cb2cbb40f1f097"
  integrity sha512-YiF8LpZ8RdWFdjyA1mlySyuNfVQPA1EV8gSecrvBUpwO8LyFhvbZF1OsMfaqVJiUr4mA/UArbbO6qSzwA2XgCQ==
  dependencies:
    form-data "^4.0.0"
    node-fetch "2.7.0"

"@sinch/sdk-core@^1.1.0":
  version "1.1.0"
  resolved "https://registry.yarnpkg.com/@sinch/sdk-core/-/sdk-core-1.1.0.tgz#13fc5aa1702458b7128d01b850d7c3d52ad7042e"
  integrity sha512-kqZ0n0ycClYPPSk5ugy9FFmq/j/qVXmhC8rgUBu2JWTjsOTsRVe9dSnUuQYaxj6V8sEjySUALtLiJBU3neeq8A==
  dependencies:
    "@sinch/conversation" "^1.1.0"
    "@sinch/elastic-sip-trunking" "^1.1.0"
    "@sinch/fax" "^1.1.0"
    "@sinch/numbers" "^1.1.0"
    "@sinch/sms" "^1.1.0"
    "@sinch/verification" "^1.1.0"
    "@sinch/voice" "^1.1.0"

"@sinch/sms@^1.1.0":
  version "1.1.0"
  resolved "https://registry.yarnpkg.com/@sinch/sms/-/sms-1.1.0.tgz#f619bd5fb7cccd3c6f7e3185fb9f26c21f5321b6"
  integrity sha512-6QXpLujzcl5jTvYFmB+UebVWYGXEHaRBsmE1vG7GAwIAOrCxdpusvSWitHeigCUz9CxrzdjC+3JmlS7q7rbONA==
  dependencies:
    "@sinch/sdk-client" "^1.1.0"

"@sinch/verification@^1.1.0":
  version "1.1.0"
  resolved "https://registry.yarnpkg.com/@sinch/verification/-/verification-1.1.0.tgz#427f66092dbfd2cdec1e22d54c31578b985d284c"
  integrity sha512-UcXf4dsrG0+qATCJIiCEyHwnyLknEtYSK1UKV40EGPkYNn4kVwxLRDglKOIq9txBQZ5MgpbFDTqedbf4AcREZQ==
  dependencies:
    "@sinch/sdk-client" "^1.1.0"

"@sinch/voice@^1.1.0":
  version "1.1.0"
  resolved "https://registry.yarnpkg.com/@sinch/voice/-/voice-1.1.0.tgz#4a7304b436c32ff8d3f809d5c489f31e68e187e3"
  integrity sha512-znOVSxBHRoI7J8zZGcFUrqDHR8hyOifh+IOR1FUnel4c1hS5s9HsHfmcnd4HmUca1P/ln0c19+KxMhNFBVLTAw==
  dependencies:
    "@sinch/sdk-client" "^1.1.0"

asynckit@^0.4.0:
  version "0.4.0"
  resolved "https://registry.yarnpkg.com/asynckit/-/asynckit-0.4.0.tgz#c79ed97f7f34cb8f2ba1bc9790bcc366474b4b79"
  integrity sha512-Oei9OH4tRh0YqU3GxhX79dM/mwVgvbZJaSNaRk+bshkj0S5cfHcgYakreBjrHwatXKbz+IoIdYLxrKim2MjW0Q==

combined-stream@^1.0.8:
  version "1.0.8"
  resolved "https://registry.yarnpkg.com/combined-stream/-/combined-stream-1.0.8.tgz#c3d45a8b34fd730631a110a8a2520682b31d5a7f"
  integrity sha512-FQN4MRfuJeHf7cBbBMJFXhKSDq+2kAArBlmRBvcvFE5BB1HZKXtSFASDhdlz9zOYwxh8lDdnvmMOe/+5cdoEdg==
  dependencies:
    delayed-stream "~1.0.0"

delayed-stream@~1.0.0:
  version "1.0.0"
  resolved "https://registry.yarnpkg.com/delayed-stream/-/delayed-stream-1.0.0.tgz#df3ae199acadfb7d440aaae0b29e2272b24ec619"
  integrity sha512-ZySD7Nf91aLB0RxL4KGrKHBXl7Eds1DAmEdcoVawXnLD7SDhpNgtuII2aAkg7a7QS41jxPSZ17p4VdGnMHk3MQ==

form-data@^4.0.0:
  version "4.0.0"
  resolved "https://registry.yarnpkg.com/form-data/-/form-data-4.0.0.tgz#93919daeaf361ee529584b9b31664dc12c9fa452"
  integrity sha512-ETEklSGi5t0QMZuiXoA/Q6vcnxcLQP5vdugSpuAyi6SVGi2clPPp+xgEhuMaHC+zGgn31Kd235W35f7Hykkaww==
  dependencies:
    asynckit "^0.4.0"
    combined-stream "^1.0.8"
    mime-types "^2.1.12"

mime-db@1.52.0:
  version "1.52.0"
  resolved "https://registry.yarnpkg.com/mime-db/-/mime-db-1.52.0.tgz#bbabcdc02859f4987301c856e3387ce5ec43bf70"
  integrity sha512-sPU4uV7dYlvtWJxwwxHD0PuihVNiE7TyAbQ5SWxDCB9mUYvOgroQOwYQQOKPJ8CIbE+1ETVlOoK1UC2nU3gYvg==

mime-types@^2.1.12:
  version "2.1.35"
  resolved "https://registry.yarnpkg.com/mime-types/-/mime-types-2.1.35.tgz#381a871b62a734450660ae3deee44813f70d959a"
  integrity sha512-ZDY+bPm5zTTF+YpCrAU9nK0UgICYPT0QtT1NZWFv4s++TNkcgVaT0g6+4R2uI4MjQjzysHB1zxuWL50hzaeXiw==
  dependencies:
    mime-db "1.52.0"

node-fetch@2.7.0:
  version "2.7.0"
  resolved "https://registry.yarnpkg.com/node-fetch/-/node-fetch-2.7.0.tgz#d0f0fa6e3e2dc1d27efcd8ad99d550bda94d187d"
  integrity sha512-c4FRfUm/dbcWZ7U+1Wq0AwCyFL+3nt2bEw05wfxSz+DWpWsitgmSgYmy2dQdWyKC1694ELPqMs/YzUSNozLt8A==
  dependencies:
    whatwg-url "^5.0.0"

tr46@~0.0.3:
  version "0.0.3"
  resolved "https://registry.yarnpkg.com/tr46/-/tr46-0.0.3.tgz#8184fd347dac9cdc185992f3a6622e14b9d9ab6a"
  integrity sha512-N3WMsuqV66lT30CrXNbEjx4GEwlow3v6rr4mCcv6prnfwhS01rkgyFdjPNBYd9br7LpXV1+Emh01fHnq2Gdgrw==

webidl-conversions@^3.0.0:
  version "3.0.1"
  resolved "https://registry.yarnpkg.com/webidl-conversions/-/webidl-conversions-3.0.1.tgz#24534275e2a7bc6be7bc86611cc16ae0a5654871"
  integrity sha512-2JAn3z8AR6rjK8Sm8orRC0h/bcl/DqL7tRPdGZ4I1CjdF+EaMLmYxBHyXuKL849eucPFhvBoxMsflfOb8kxaeQ==

whatwg-url@^5.0.0:
  version "5.0.0"
  resolved "https://registry.yarnpkg.com/whatwg-url/-/whatwg-url-5.0.0.tgz#966454e8765462e37644d3626f6742ce8b70965d"
  integrity sha512-saE57nupxk6v3HY35+jzBwYa0rKSy0XR8JSxZPwgLr7ys0IBzhGviA1/TUGJLmSVqs8pb9AnvICXEuOHLprYTw==
  dependencies:
    tr46 "~0.0.3"
    webidl-conversions "^3.0.0"
